
Microsoft Visual Studio Solution File, Format Version 12.00
# Visual Studio Version 17
VisualStudioVersion = 17.5.33424.131
MinimumVisualStudioVersion = 10.0.40219.1
Project("{8BC9CEB8-8B4A-11D0-8D11-00A0C91BC942}") = "2021329600006_陈昊天_Win32Application_6_1", "2021329600006_陈昊天_Win32Application_6_1.vcxproj", "{E34CE415-9D0B-4E84-ADBA-7176538E6066}"
EndProject
Global
	GlobalSection(SolutionConfigurationPlatforms) = preSolution
		Debug|x64 = Debug|x64
		Debug|x86 = Debug|x86
		Release|x64 = Release|x64
		Release|x86 = Release|x86
	EndGlobalSection
	GlobalSection(ProjectConfigurationPlatforms) = postSolution
		{E34CE415-9D0B-4E84-ADBA-7176538E6066}.Debug|x64.ActiveCfg = Debug|x64
		{E34CE415-9D0B-4E84-ADBA-7176538E6066}.Debug|x64.Build.0 = Debug|x64
		{E34CE415-9D0B-4E84-ADBA-7176538E6066}.Debug|x86.ActiveCfg = Debug|Win32
		{E34CE415-9D0B-4E84-ADBA-7176538E6066}.Debug|x86.Build.0 = Debug|Win32
		{E34CE415-9D0B-4E84-ADBA-7176538E6066}.Release|x64.ActiveCfg = Release|x64
		{E34CE415-9D0B-4E84-ADBA-7176538E6066}.Release|x64.Build.0 = Release|x64
		{E34CE415-9D0B-4E84-ADBA-7176538E6066}.Release|x86.ActiveCfg = Release|Win32
		{E34CE415-9D0B-4E84-ADBA-7176538E6066}.Release|x86.Build.0 = Release|Win32
	EndGlobalSection
	GlobalSection(SolutionProperties) = preSolution
		HideSolutionNode = FALSE
	EndGlobalSection
	GlobalSection(ExtensibilityGlobals) = postSolution
		SolutionGuid = {BB6B4E25-679B-49C9-B4A7-485A8043CC36}
	EndGlobalSection
EndGlobal
