
Microsoft Visual Studio Solution File, Format Version 12.00
# Visual Studio Version 17
VisualStudioVersion = 17.5.33424.131
MinimumVisualStudioVersion = 10.0.40219.1
Project("{8BC9CEB8-8B4A-11D0-8D11-00A0C91BC942}") = "2021329600006_陈昊天_Win32Application_2_1", "2021329600006_陈昊天_Win32Application_2_1.vcxproj", "{F5A47096-0BD5-4E63-A6E0-084E0AA378EA}"
EndProject
Global
	GlobalSection(SolutionConfigurationPlatforms) = preSolution
		Debug|x64 = Debug|x64
		Debug|x86 = Debug|x86
		Release|x64 = Release|x64
		Release|x86 = Release|x86
	EndGlobalSection
	GlobalSection(ProjectConfigurationPlatforms) = postSolution
		{F5A47096-0BD5-4E63-A6E0-084E0AA378EA}.Debug|x64.ActiveCfg = Debug|x64
		{F5A47096-0BD5-4E63-A6E0-084E0AA378EA}.Debug|x64.Build.0 = Debug|x64
		{F5A47096-0BD5-4E63-A6E0-084E0AA378EA}.Debug|x86.ActiveCfg = Debug|Win32
		{F5A47096-0BD5-4E63-A6E0-084E0AA378EA}.Debug|x86.Build.0 = Debug|Win32
		{F5A47096-0BD5-4E63-A6E0-084E0AA378EA}.Release|x64.ActiveCfg = Release|x64
		{F5A47096-0BD5-4E63-A6E0-084E0AA378EA}.Release|x64.Build.0 = Release|x64
		{F5A47096-0BD5-4E63-A6E0-084E0AA378EA}.Release|x86.ActiveCfg = Release|Win32
		{F5A47096-0BD5-4E63-A6E0-084E0AA378EA}.Release|x86.Build.0 = Release|Win32
	EndGlobalSection
	GlobalSection(SolutionProperties) = preSolution
		HideSolutionNode = FALSE
	EndGlobalSection
	GlobalSection(ExtensibilityGlobals) = postSolution
		SolutionGuid = {2F1D7F92-D03B-4067-A44C-26A18CB76CFE}
	EndGlobalSection
EndGlobal
