
Microsoft Visual Studio Solution File, Format Version 12.00
# Visual Studio Version 17
VisualStudioVersion = 17.7.34221.43
MinimumVisualStudioVersion = 10.0.40219.1
Project("{8BC9CEB8-8B4A-11D0-8D11-00A0C91BC942}") = "2-1", "2-1.vcxproj", "{0B981D2F-6D8D-4333-8AE7-45B7B13B7628}"
EndProject
Global
	GlobalSection(SolutionConfigurationPlatforms) = preSolution
		Debug|x64 = Debug|x64
		Debug|x86 = Debug|x86
		Release|x64 = Release|x64
		Release|x86 = Release|x86
	EndGlobalSection
	GlobalSection(ProjectConfigurationPlatforms) = postSolution
		{0B981D2F-6D8D-4333-8AE7-45B7B13B7628}.Debug|x64.ActiveCfg = Debug|x64
		{0B981D2F-6D8D-4333-8AE7-45B7B13B7628}.Debug|x64.Build.0 = Debug|x64
		{0B981D2F-6D8D-4333-8AE7-45B7B13B7628}.Debug|x86.ActiveCfg = Debug|Win32
		{0B981D2F-6D8D-4333-8AE7-45B7B13B7628}.Debug|x86.Build.0 = Debug|Win32
		{0B981D2F-6D8D-4333-8AE7-45B7B13B7628}.Release|x64.ActiveCfg = Release|x64
		{0B981D2F-6D8D-4333-8AE7-45B7B13B7628}.Release|x64.Build.0 = Release|x64
		{0B981D2F-6D8D-4333-8AE7-45B7B13B7628}.Release|x86.ActiveCfg = Release|Win32
		{0B981D2F-6D8D-4333-8AE7-45B7B13B7628}.Release|x86.Build.0 = Release|Win32
	EndGlobalSection
	GlobalSection(SolutionProperties) = preSolution
		HideSolutionNode = FALSE
	EndGlobalSection
	GlobalSection(ExtensibilityGlobals) = postSolution
		SolutionGuid = {3C591CF3-0BFC-4050-A899-1568CA4D3AF3}
	EndGlobalSection
EndGlobal
